
Microsoft Visual Studio Solution File, Format Version 12.00
# Visual Studio 2012
Project("{F088123C-0E9E-452A-89E6-6BA2F21D5CAC}") = "DistributionRoudningModel", "DistributionRoudningModel\DistributionRoudningModel.modelproj", "{F99715CC-B040-4699-8182-DF68A8FF19D6}"
EndProject
Global
	GlobalSection(TeamFoundationVersionControl) = preSolution
		SccNumberOfProjects = 2
		SccEnterpriseProvider = {4CA58AB2-18FA-4F8D-95D4-32DDF27D184C}
		SccTeamFoundationServer = https://roudinganalyse.visualstudio.com/defaultcollection
		SccLocalPath0 = .
		SccProjectUniqueName1 = DistributionRoudningModel\\DistributionRoudningModel.modelproj
		SccProjectName1 = DistributionRoudningModel
		SccLocalPath1 = DistributionRoudningModel
	EndGlobalSection
	GlobalSection(SolutionConfigurationPlatforms) = preSolution
		Debug|Any CPU = Debug|Any CPU
		Release|Any CPU = Release|Any CPU
	EndGlobalSection
	GlobalSection(ProjectConfigurationPlatforms) = postSolution
		{F99715CC-B040-4699-8182-DF68A8FF19D6}.Debug|Any CPU.ActiveCfg = Debug|Any CPU
		{F99715CC-B040-4699-8182-DF68A8FF19D6}.Debug|Any CPU.Build.0 = Debug|Any CPU
		{F99715CC-B040-4699-8182-DF68A8FF19D6}.Release|Any CPU.ActiveCfg = Release|Any CPU
		{F99715CC-B040-4699-8182-DF68A8FF19D6}.Release|Any CPU.Build.0 = Release|Any CPU
	EndGlobalSection
	GlobalSection(SolutionProperties) = preSolution
		HideSolutionNode = FALSE
	EndGlobalSection
EndGlobal
